
Microsoft Visual Studio Solution File, Format Version 12.00
# Visual Studio Version 17
VisualStudioVersion = 17.3.32804.467
MinimumVisualStudioVersion = 10.0.40219.1
Project("{9A19103F-16F7-4668-BE54-9A1E7A4F7556}") = "WebAppDETAug2022", "WebAppDETAug2022\WebAppDETAug2022.csproj", "{02CDD25C-A1C3-4C32-91C8-80C31315795F}"
EndProject
Project("{9A19103F-16F7-4668-BE54-9A1E7A4F7556}") = "MVCDemo", "MVCDemo\MVCDemo.csproj", "{76612A0D-01C3-492C-B241-D45087913E02}"
EndProject
Project("{9A19103F-16F7-4668-BE54-9A1E7A4F7556}") = "ContosoUniversity", "ContosoUniversity\ContosoUniversity.csproj", "{B8FBE028-8040-471F-BB04-8CA822E2ABED}"
EndProject
Project("{9A19103F-16F7-4668-BE54-9A1E7A4F7556}") = "APIDemo", "APIDemo\APIDemo.csproj", "{D1D5F2F7-E81D-4B4E-890B-D202078E6EF3}"
EndProject
Project("{9A19103F-16F7-4668-BE54-9A1E7A4F7556}") = "ConsoleAPIClient", "ConsoleAPIClient\ConsoleAPIClient.csproj", "{F9A5ADD0-046D-46C8-AB8B-B67A339F6353}"
EndProject
Project("{FAE04EC0-301F-11D3-BF4B-00C04F79EFBC}") = "ODataDemo", "ODataDemo\ODataDemo.csproj", "{6CD3A8E9-7F03-4014-AD5A-53C040D2AC30}"
EndProject
Project("{FAE04EC0-301F-11D3-BF4B-00C04F79EFBC}") = "Bank", "Bank\Bank.csproj", "{D418CC39-0058-4DDB-8CAE-2DA5DB456F23}"
EndProject
Project("{FAE04EC0-301F-11D3-BF4B-00C04F79EFBC}") = "BankTests", "BankTests\BankTests.csproj", "{058D4B08-4636-42E0-AF41-5A7B010A2007}"
EndProject
Project("{FAE04EC0-301F-11D3-BF4B-00C04F79EFBC}") = "MyFirstUnitTest", "MyFirstUnitTest\MyFirstUnitTest.csproj", "{F039D6D8-6349-4BA6-9F9B-BD216BA826D4}"
EndProject
Global
	GlobalSection(SolutionConfigurationPlatforms) = preSolution
		Debug|Any CPU = Debug|Any CPU
		Release|Any CPU = Release|Any CPU
	EndGlobalSection
	GlobalSection(ProjectConfigurationPlatforms) = postSolution
		{02CDD25C-A1C3-4C32-91C8-80C31315795F}.Debug|Any CPU.ActiveCfg = Debug|Any CPU
		{02CDD25C-A1C3-4C32-91C8-80C31315795F}.Debug|Any CPU.Build.0 = Debug|Any CPU
		{02CDD25C-A1C3-4C32-91C8-80C31315795F}.Release|Any CPU.ActiveCfg = Release|Any CPU
		{02CDD25C-A1C3-4C32-91C8-80C31315795F}.Release|Any CPU.Build.0 = Release|Any CPU
		{76612A0D-01C3-492C-B241-D45087913E02}.Debug|Any CPU.ActiveCfg = Debug|Any CPU
		{76612A0D-01C3-492C-B241-D45087913E02}.Debug|Any CPU.Build.0 = Debug|Any CPU
		{76612A0D-01C3-492C-B241-D45087913E02}.Release|Any CPU.ActiveCfg = Release|Any CPU
		{76612A0D-01C3-492C-B241-D45087913E02}.Release|Any CPU.Build.0 = Release|Any CPU
		{B8FBE028-8040-471F-BB04-8CA822E2ABED}.Debug|Any CPU.ActiveCfg = Debug|Any CPU
		{B8FBE028-8040-471F-BB04-8CA822E2ABED}.Debug|Any CPU.Build.0 = Debug|Any CPU
		{B8FBE028-8040-471F-BB04-8CA822E2ABED}.Release|Any CPU.ActiveCfg = Release|Any CPU
		{B8FBE028-8040-471F-BB04-8CA822E2ABED}.Release|Any CPU.Build.0 = Release|Any CPU
		{D1D5F2F7-E81D-4B4E-890B-D202078E6EF3}.Debug|Any CPU.ActiveCfg = Debug|Any CPU
		{D1D5F2F7-E81D-4B4E-890B-D202078E6EF3}.Debug|Any CPU.Build.0 = Debug|Any CPU
		{D1D5F2F7-E81D-4B4E-890B-D202078E6EF3}.Release|Any CPU.ActiveCfg = Release|Any CPU
		{D1D5F2F7-E81D-4B4E-890B-D202078E6EF3}.Release|Any CPU.Build.0 = Release|Any CPU
		{F9A5ADD0-046D-46C8-AB8B-B67A339F6353}.Debug|Any CPU.ActiveCfg = Debug|Any CPU
		{F9A5ADD0-046D-46C8-AB8B-B67A339F6353}.Debug|Any CPU.Build.0 = Debug|Any CPU
		{F9A5ADD0-046D-46C8-AB8B-B67A339F6353}.Release|Any CPU.ActiveCfg = Release|Any CPU
		{F9A5ADD0-046D-46C8-AB8B-B67A339F6353}.Release|Any CPU.Build.0 = Release|Any CPU
		{6CD3A8E9-7F03-4014-AD5A-53C040D2AC30}.Debug|Any CPU.ActiveCfg = Debug|Any CPU
		{6CD3A8E9-7F03-4014-AD5A-53C040D2AC30}.Debug|Any CPU.Build.0 = Debug|Any CPU
		{6CD3A8E9-7F03-4014-AD5A-53C040D2AC30}.Release|Any CPU.ActiveCfg = Release|Any CPU
		{6CD3A8E9-7F03-4014-AD5A-53C040D2AC30}.Release|Any CPU.Build.0 = Release|Any CPU
		{D418CC39-0058-4DDB-8CAE-2DA5DB456F23}.Debug|Any CPU.ActiveCfg = Debug|Any CPU
		{D418CC39-0058-4DDB-8CAE-2DA5DB456F23}.Debug|Any CPU.Build.0 = Debug|Any CPU
		{D418CC39-0058-4DDB-8CAE-2DA5DB456F23}.Release|Any CPU.ActiveCfg = Release|Any CPU
		{D418CC39-0058-4DDB-8CAE-2DA5DB456F23}.Release|Any CPU.Build.0 = Release|Any CPU
		{058D4B08-4636-42E0-AF41-5A7B010A2007}.Debug|Any CPU.ActiveCfg = Debug|Any CPU
		{058D4B08-4636-42E0-AF41-5A7B010A2007}.Debug|Any CPU.Build.0 = Debug|Any CPU
		{058D4B08-4636-42E0-AF41-5A7B010A2007}.Release|Any CPU.ActiveCfg = Release|Any CPU
		{058D4B08-4636-42E0-AF41-5A7B010A2007}.Release|Any CPU.Build.0 = Release|Any CPU
		{F039D6D8-6349-4BA6-9F9B-BD216BA826D4}.Debug|Any CPU.ActiveCfg = Debug|Any CPU
		{F039D6D8-6349-4BA6-9F9B-BD216BA826D4}.Debug|Any CPU.Build.0 = Debug|Any CPU
		{F039D6D8-6349-4BA6-9F9B-BD216BA826D4}.Release|Any CPU.ActiveCfg = Release|Any CPU
		{F039D6D8-6349-4BA6-9F9B-BD216BA826D4}.Release|Any CPU.Build.0 = Release|Any CPU
	EndGlobalSection
	GlobalSection(SolutionProperties) = preSolution
		HideSolutionNode = FALSE
	EndGlobalSection
	GlobalSection(ExtensibilityGlobals) = postSolution
		SolutionGuid = {1E1A46FA-92BE-46D8-9688-661FD28F4F94}
	EndGlobalSection
EndGlobal
