
Microsoft Visual Studio Solution File, Format Version 12.00
# Visual Studio Version 17
VisualStudioVersion = 17.3.32804.467
MinimumVisualStudioVersion = 10.0.40219.1
Project("{9A19103F-16F7-4668-BE54-9A1E7A4F7556}") = "WebAppDETAug2022", "WebAppDETAug2022\WebAppDETAug2022.csproj", "{02CDD25C-A1C3-4C32-91C8-80C31315795F}"
EndProject
Project("{FAE04EC0-301F-11D3-BF4B-00C04F79EFBC}") = "MVCDemo", "MVCDemo\MVCDemo.csproj", "{76612A0D-01C3-492C-B241-D45087913E02}"
EndProject
Global
	GlobalSection(SolutionConfigurationPlatforms) = preSolution
		Debug|Any CPU = Debug|Any CPU
		Release|Any CPU = Release|Any CPU
	EndGlobalSection
	GlobalSection(ProjectConfigurationPlatforms) = postSolution
		{02CDD25C-A1C3-4C32-91C8-80C31315795F}.Debug|Any CPU.ActiveCfg = Debug|Any CPU
		{02CDD25C-A1C3-4C32-91C8-80C31315795F}.Debug|Any CPU.Build.0 = Debug|Any CPU
		{02CDD25C-A1C3-4C32-91C8-80C31315795F}.Release|Any CPU.ActiveCfg = Release|Any CPU
		{02CDD25C-A1C3-4C32-91C8-80C31315795F}.Release|Any CPU.Build.0 = Release|Any CPU
		{76612A0D-01C3-492C-B241-D45087913E02}.Debug|Any CPU.ActiveCfg = Debug|Any CPU
		{76612A0D-01C3-492C-B241-D45087913E02}.Debug|Any CPU.Build.0 = Debug|Any CPU
		{76612A0D-01C3-492C-B241-D45087913E02}.Release|Any CPU.ActiveCfg = Release|Any CPU
		{76612A0D-01C3-492C-B241-D45087913E02}.Release|Any CPU.Build.0 = Release|Any CPU
	EndGlobalSection
	GlobalSection(SolutionProperties) = preSolution
		HideSolutionNode = FALSE
	EndGlobalSection
	GlobalSection(ExtensibilityGlobals) = postSolution
		SolutionGuid = {1E1A46FA-92BE-46D8-9688-661FD28F4F94}
	EndGlobalSection
EndGlobal
